{
  "name": "TODSS-HydroLogic-Neerslagradar",
  "lockfileVersion": 2,
  "requires": true,
  "packages": {
    "": {
      "dependencies": {
        "javascript-color-gradient": "^2.4.4",
        "rainbowvis.js": "^1.0.1"
      },
      "devDependencies": {
        "@types/javascript-color-gradient": "^2.4.0"
      }
    },
    "node_modules/@types/javascript-color-gradient": {
      "version": "2.4.0",
      "resolved": "https://registry.npmjs.org/@types/javascript-color-gradient/-/javascript-color-gradient-2.4.0.tgz",
      "integrity": "sha512-bDeTAgHvDRn40mlnGRE5nTVlfQ9KRqi9L0VC+zJwVY/XNgulIq9lZxTV9wIi6nfXu/eG4ehKmG3uCq49uYYqDA==",
      "dev": true
    },
    "node_modules/javascript-color-gradient": {
      "version": "2.4.4",
      "resolved": "https://registry.npmjs.org/javascript-color-gradient/-/javascript-color-gradient-2.4.4.tgz",
      "integrity": "sha512-kbt3Y1eltW4X789P1eQzCUEB5X7hFmLNpQT4bgDFMtj/cW2v+j8ms/rLSR7jndZUAP6yya4vyeZK6bRqh6yClA=="
    },
    "node_modules/rainbowvis.js": {
      "version": "1.0.1",
      "resolved": "https://registry.npmjs.org/rainbowvis.js/-/rainbowvis.js-1.0.1.tgz",
      "integrity": "sha512-Z6IHCGGT7eFPXT/zQpxbIUWjfFhPlQcsxuQ5BeVtSeQdJkJrPMff4HXAkoRk7DCsPI5QI9ruVkRz9dJUn/wd4Q=="
    }
  },
  "dependencies": {
    "@types/javascript-color-gradient": {
      "version": "2.4.0",
      "resolved": "https://registry.npmjs.org/@types/javascript-color-gradient/-/javascript-color-gradient-2.4.0.tgz",
      "integrity": "sha512-bDeTAgHvDRn40mlnGRE5nTVlfQ9KRqi9L0VC+zJwVY/XNgulIq9lZxTV9wIi6nfXu/eG4ehKmG3uCq49uYYqDA==",
      "dev": true
    },
    "javascript-color-gradient": {
      "version": "2.4.4",
      "resolved": "https://registry.npmjs.org/javascript-color-gradient/-/javascript-color-gradient-2.4.4.tgz",
      "integrity": "sha512-kbt3Y1eltW4X789P1eQzCUEB5X7hFmLNpQT4bgDFMtj/cW2v+j8ms/rLSR7jndZUAP6yya4vyeZK6bRqh6yClA=="
    },
    "rainbowvis.js": {
      "version": "1.0.1",
      "resolved": "https://registry.npmjs.org/rainbowvis.js/-/rainbowvis.js-1.0.1.tgz",
      "integrity": "sha512-Z6IHCGGT7eFPXT/zQpxbIUWjfFhPlQcsxuQ5BeVtSeQdJkJrPMff4HXAkoRk7DCsPI5QI9ruVkRz9dJUn/wd4Q=="
    }
  }
}
